
Microsoft Visual Studio Solution File, Format Version 12.00
# Visual Studio 14
VisualStudioVersion = 14.0.25420.1
MinimumVisualStudioVersion = 10.0.40219.1
Project("{54435603-DBB4-11D2-8724-00A0C9A8B90C}") = "LLKSetup", "LLKSetup\LLKSetup.vdproj", "{1ADF6E40-6A8D-4972-8D3F-D2CE53008B6C}"
EndProject
Global
	GlobalSection(SolutionConfigurationPlatforms) = preSolution
		Debug|Default = Debug|Default
		Release|Default = Release|Default
	EndGlobalSection
	GlobalSection(ProjectConfigurationPlatforms) = postSolution
		{1ADF6E40-6A8D-4972-8D3F-D2CE53008B6C}.Debug|Default.ActiveCfg = Debug
		{1ADF6E40-6A8D-4972-8D3F-D2CE53008B6C}.Debug|Default.Build.0 = Debug
		{1ADF6E40-6A8D-4972-8D3F-D2CE53008B6C}.Release|Default.ActiveCfg = Release
		{1ADF6E40-6A8D-4972-8D3F-D2CE53008B6C}.Release|Default.Build.0 = Release
	EndGlobalSection
	GlobalSection(SolutionProperties) = preSolution
		HideSolutionNode = FALSE
	EndGlobalSection
EndGlobal
